
Microsoft Visual Studio Solution File, Format Version 12.00
# Visual Studio Version 17
VisualStudioVersion = 17.6.33829.357
MinimumVisualStudioVersion = 10.0.40219.1
Project("{FAE04EC0-301F-11D3-BF4B-00C04F79EFBC}") = "schap_bai5.5", "schap_bai5.5.csproj", "{5101B3D9-3BCD-477D-B935-DB6E2938E06B}"
EndProject
Global
	GlobalSection(SolutionConfigurationPlatforms) = preSolution
		Debug|Any CPU = Debug|Any CPU
		Release|Any CPU = Release|Any CPU
	EndGlobalSection
	GlobalSection(ProjectConfigurationPlatforms) = postSolution
		{5101B3D9-3BCD-477D-B935-DB6E2938E06B}.Debug|Any CPU.ActiveCfg = Debug|Any CPU
		{5101B3D9-3BCD-477D-B935-DB6E2938E06B}.Debug|Any CPU.Build.0 = Debug|Any CPU
		{5101B3D9-3BCD-477D-B935-DB6E2938E06B}.Release|Any CPU.ActiveCfg = Release|Any CPU
		{5101B3D9-3BCD-477D-B935-DB6E2938E06B}.Release|Any CPU.Build.0 = Release|Any CPU
	EndGlobalSection
	GlobalSection(SolutionProperties) = preSolution
		HideSolutionNode = FALSE
	EndGlobalSection
	GlobalSection(ExtensibilityGlobals) = postSolution
		SolutionGuid = {71A61248-4472-4D56-8BCE-C465A9B6DE52}
	EndGlobalSection
EndGlobal
